{
  "name": "solid-components",
  "version": "0.0.6",
  "lockfileVersion": 1,
  "requires": true,
  "dependencies": {
    "@types/estree": {
      "version": "0.0.39",
      "resolved": "https://registry.npmjs.org/@types/estree/-/estree-0.0.39.tgz",
      "integrity": "sha512-EYNwp3bU+98cpU4lAWYYL7Zz+2gryWH1qbdDTidVd6hkiR6weksdbMadyXKXNPEkQFhXM+hVO9ZygomHXp+AIw==",
      "dev": true
    },
    "@types/node": {
      "version": "10.12.18",
      "resolved": "https://registry.npmjs.org/@types/node/-/node-10.12.18.tgz",
      "integrity": "sha512-fh+pAqt4xRzPfqA6eh3Z2y6fyZavRIumvjhaCL753+TVkGKGhpPeyrJG2JftD0T9q4GF00KjefsQ+PQNDdWQaQ==",
      "dev": true
    },
    "acorn": {
      "version": "6.0.5",
      "resolved": "https://registry.npmjs.org/acorn/-/acorn-6.0.5.tgz",
      "integrity": "sha512-i33Zgp3XWtmZBMNvCr4azvOFeWVw1Rk6p3hfi3LUDvIFraOMywb1kAtrbi+med14m4Xfpqm3zRZMT+c0FNE7kg==",
      "dev": true
    },
    "component-register": {
      "version": "0.5.3",
      "resolved": "https://registry.npmjs.org/component-register/-/component-register-0.5.3.tgz",
      "integrity": "sha512-Ifv+Ks4nj5+YsmVkfdTwstrhkD0Piqb9KMPJXhFTm8kS6T6OulF1kY02jqPIe8l1pv74C58ju2bpTXmGUCkhtQ=="
    },
    "rollup": {
      "version": "1.0.0",
      "resolved": "https://registry.npmjs.org/rollup/-/rollup-1.0.0.tgz",
      "integrity": "sha512-LV6Qz+RkuDAfxr9YopU4k5o5P/QA7YNq9xi2Ug2IqOmhPt9sAm89vh3SkNtFok3bqZHX54eMJZ8F68HPejgqtw==",
      "dev": true,
      "requires": {
        "@types/estree": "0.0.39",
        "@types/node": "*",
        "acorn": "^6.0.4"
      }
    },
    "s-js": {
      "version": "0.4.9",
      "resolved": "https://registry.npmjs.org/s-js/-/s-js-0.4.9.tgz",
      "integrity": "sha512-RtpOm+cM6O0sHg6IA70wH+UC3FZcND+rccBZpBAHzlUgNO2Bm5BN+FnM8+OBxzXdwpKWFwX11JGF0MFRkhSoIQ==",
      "dev": true
    },
    "solid-js": {
      "version": "0.3.3",
      "resolved": "https://registry.npmjs.org/solid-js/-/solid-js-0.3.3.tgz",
      "integrity": "sha512-UnMY0HOr6MtxzHVgYkp1akGPWvFFvbzeFyBJ48pFtPHMicomzrtolSvDOcBj1QsUhrBm1Z3Bm76ZBxHA87ZBtg==",
      "dev": true
    }
  }
}
