{
  "name": "solid-components",
  "version": "0.0.1",
  "lockfileVersion": 1,
  "requires": true,
  "dependencies": {
    "@types/estree": {
      "version": "0.0.39",
      "resolved": "https://registry.npmjs.org/@types/estree/-/estree-0.0.39.tgz",
      "integrity": "sha512-EYNwp3bU+98cpU4lAWYYL7Zz+2gryWH1qbdDTidVd6hkiR6weksdbMadyXKXNPEkQFhXM+hVO9ZygomHXp+AIw==",
      "dev": true
    },
    "@types/node": {
      "version": "10.10.3",
      "resolved": "https://registry.npmjs.org/@types/node/-/node-10.10.3.tgz",
      "integrity": "sha512-dWk7F3b0m6uDLHero7tsnpAi9r2RGPQHGbb0/VCv7DPJRMFtk3RonY1/29vfJKnheRMBa7+uF+vunlg/mBGlxg==",
      "dev": true
    },
    "component-register": {
      "version": "0.5.2",
      "resolved": "https://registry.npmjs.org/component-register/-/component-register-0.5.2.tgz",
      "integrity": "sha512-bdb3jsg4ikYIr6i9CStONpBBZxsEwSFwZ+Z1SukgNofwF4rXlRrRc4mJ3vr6CgbcZgYSud1zBaA8RGO0jd3mQw=="
    },
    "rollup": {
      "version": "0.66.2",
      "resolved": "https://registry.npmjs.org/rollup/-/rollup-0.66.2.tgz",
      "integrity": "sha512-+rOLjWO170M3Y2jyyGU4ZJuTu1T1KuKNyH+RszHRzQdsuI5TulRbkSM4vlaMnwcxHm4XdgBNZ1mmNzhQIImbiQ==",
      "dev": true,
      "requires": {
        "@types/estree": "0.0.39",
        "@types/node": "*"
      }
    },
    "s-js": {
      "version": "0.4.9",
      "resolved": "https://registry.npmjs.org/s-js/-/s-js-0.4.9.tgz",
      "integrity": "sha512-RtpOm+cM6O0sHg6IA70wH+UC3FZcND+rccBZpBAHzlUgNO2Bm5BN+FnM8+OBxzXdwpKWFwX11JGF0MFRkhSoIQ==",
      "dev": true
    },
    "solid-js": {
      "version": "0.1.1",
      "resolved": "https://registry.npmjs.org/solid-js/-/solid-js-0.1.1.tgz",
      "integrity": "sha512-Ach21ZC692mkWDViDzod/qvNAY4WRm8khSg5MMDxWbQO9E7xisba+hHhDxqKGLfyI2J95XZhCGFlKG4CNRalJQ==",
      "dev": true
    }
  }
}
