{
  "name": "solid-components",
  "version": "0.0.3",
  "lockfileVersion": 1,
  "requires": true,
  "dependencies": {
    "@types/estree": {
      "version": "0.0.39",
      "resolved": "https://registry.npmjs.org/@types/estree/-/estree-0.0.39.tgz",
      "integrity": "sha512-EYNwp3bU+98cpU4lAWYYL7Zz+2gryWH1qbdDTidVd6hkiR6weksdbMadyXKXNPEkQFhXM+hVO9ZygomHXp+AIw==",
      "dev": true
    },
    "@types/node": {
      "version": "10.12.18",
      "resolved": "https://registry.npmjs.org/@types/node/-/node-10.12.18.tgz",
      "integrity": "sha512-fh+pAqt4xRzPfqA6eh3Z2y6fyZavRIumvjhaCL753+TVkGKGhpPeyrJG2JftD0T9q4GF00KjefsQ+PQNDdWQaQ==",
      "dev": true
    },
    "component-register": {
      "version": "0.5.2",
      "resolved": "https://registry.npmjs.org/component-register/-/component-register-0.5.2.tgz",
      "integrity": "sha512-bdb3jsg4ikYIr6i9CStONpBBZxsEwSFwZ+Z1SukgNofwF4rXlRrRc4mJ3vr6CgbcZgYSud1zBaA8RGO0jd3mQw=="
    },
    "rollup": {
      "version": "0.67.4",
      "resolved": "https://registry.npmjs.org/rollup/-/rollup-0.67.4.tgz",
      "integrity": "sha512-AVuP73mkb4BBMUmksQ3Jw0jTrBTU1i7rLiUYjFxLZGb3xiFmtVEg40oByphkZAsiL0bJC3hRAJUQos/e5EBd+w==",
      "dev": true,
      "requires": {
        "@types/estree": "0.0.39",
        "@types/node": "*"
      }
    },
    "s-js": {
      "version": "0.4.9",
      "resolved": "https://registry.npmjs.org/s-js/-/s-js-0.4.9.tgz",
      "integrity": "sha512-RtpOm+cM6O0sHg6IA70wH+UC3FZcND+rccBZpBAHzlUgNO2Bm5BN+FnM8+OBxzXdwpKWFwX11JGF0MFRkhSoIQ==",
      "dev": true
    },
    "solid-js": {
      "version": "0.3.0",
      "resolved": "https://registry.npmjs.org/solid-js/-/solid-js-0.3.0.tgz",
      "integrity": "sha512-MmlIuv5XczIWQ7D6T1mUJJ2PcUZYn0iiH/OZRV3wfJblaNNdud+uQOWU7tV0A3GdpTCeP/hfTKzgMOXkxKDt/g==",
      "dev": true
    }
  }
}
